
Microsoft Visual Studio Solution File, Format Version 12.00
# Visual Studio Version 16
VisualStudioVersion = 16.0.28803.156
MinimumVisualStudioVersion = 10.0.40219.1
Project("{2150E333-8FDC-42A3-9474-1A3956D46DE8}") = "Solution Items", "Solution Items", "{D4DC415C-340E-4465-BFD6-B0D4AF6B441C}"
	ProjectSection(SolutionItems) = preProject
		.gitignore = .gitignore
		.travis.yml = .travis.yml
	EndProjectSection
EndProject
Project("{FAE04EC0-301F-11D3-BF4B-00C04F79EFBC}") = "ShoefitterDX-WinForms", "ShoefitterDX-WinForms\ShoefitterDX-WinForms.csproj", "{F09DD53A-FF8A-4877-BD3B-3F0B6C767251}"
EndProject
Project("{FAE04EC0-301F-11D3-BF4B-00C04F79EFBC}") = "Shoefitter-DX", "Shoefitter-DX\Shoefitter-DX.csproj", "{953F9D7E-4DEF-4FDD-8A91-EB77CEFB43DA}"
EndProject
Global
	GlobalSection(SolutionConfigurationPlatforms) = preSolution
		Debug|Any CPU = Debug|Any CPU
		Release|Any CPU = Release|Any CPU
	EndGlobalSection
	GlobalSection(ProjectConfigurationPlatforms) = postSolution
		{F09DD53A-FF8A-4877-BD3B-3F0B6C767251}.Debug|Any CPU.ActiveCfg = Debug|Any CPU
		{F09DD53A-FF8A-4877-BD3B-3F0B6C767251}.Debug|Any CPU.Build.0 = Debug|Any CPU
		{F09DD53A-FF8A-4877-BD3B-3F0B6C767251}.Release|Any CPU.ActiveCfg = Release|Any CPU
		{F09DD53A-FF8A-4877-BD3B-3F0B6C767251}.Release|Any CPU.Build.0 = Release|Any CPU
		{953F9D7E-4DEF-4FDD-8A91-EB77CEFB43DA}.Debug|Any CPU.ActiveCfg = Debug|Any CPU
		{953F9D7E-4DEF-4FDD-8A91-EB77CEFB43DA}.Debug|Any CPU.Build.0 = Debug|Any CPU
		{953F9D7E-4DEF-4FDD-8A91-EB77CEFB43DA}.Release|Any CPU.ActiveCfg = Release|Any CPU
		{953F9D7E-4DEF-4FDD-8A91-EB77CEFB43DA}.Release|Any CPU.Build.0 = Release|Any CPU
	EndGlobalSection
	GlobalSection(SolutionProperties) = preSolution
		HideSolutionNode = FALSE
	EndGlobalSection
	GlobalSection(ExtensibilityGlobals) = postSolution
		SolutionGuid = {45ACDD20-31DD-42D2-8C32-C7F18444BFC3}
	EndGlobalSection
EndGlobal
